
Microsoft Visual Studio Solution File, Format Version 12.00
# Visual Studio Version 17
VisualStudioVersion = 17.3.32825.248
MinimumVisualStudioVersion = 10.0.40219.1
Project("{FAE04EC0-301F-11D3-BF4B-00C04F79EFBC}") = "fileCSV", "fileCSV\fileCSV.csproj", "{34EE25CC-6F2D-4CA1-B5B5-AC0951EA7F89}"
EndProject
Global
	GlobalSection(SolutionConfigurationPlatforms) = preSolution
		Debug|Any CPU = Debug|Any CPU
		Release|Any CPU = Release|Any CPU
	EndGlobalSection
	GlobalSection(ProjectConfigurationPlatforms) = postSolution
		{34EE25CC-6F2D-4CA1-B5B5-AC0951EA7F89}.Debug|Any CPU.ActiveCfg = Debug|Any CPU
		{34EE25CC-6F2D-4CA1-B5B5-AC0951EA7F89}.Debug|Any CPU.Build.0 = Debug|Any CPU
		{34EE25CC-6F2D-4CA1-B5B5-AC0951EA7F89}.Release|Any CPU.ActiveCfg = Release|Any CPU
		{34EE25CC-6F2D-4CA1-B5B5-AC0951EA7F89}.Release|Any CPU.Build.0 = Release|Any CPU
	EndGlobalSection
	GlobalSection(SolutionProperties) = preSolution
		HideSolutionNode = FALSE
	EndGlobalSection
	GlobalSection(ExtensibilityGlobals) = postSolution
		SolutionGuid = {BAF2B110-2F34-470C-AC96-05211A7ABEF4}
	EndGlobalSection
EndGlobal
